{
    "_meta": {
        "hash": {
            "sha256": "70da6407ccf0bbca96b55f5f7558baf4db7cd9ca9e774d17bcd80ec38609d571"
        },
        "pipfile-spec": 6,
        "requires": {
            "python_full_version": "3.11.14",
            "python_version": "3.11"
        },
        "sources": [
            {
                "name": "pypi",
                "url": "https://pypi.org/simple",
                "verify_ssl": true
            }
        ]
    },
    "default": {},
    "develop": {}
}
